
Microsoft Visual Studio Solution File, Format Version 10.00
# Visual Studio 2008
Project("{8BC9CEB8-8B4A-11D0-8D11-00A0C91BC942}") = "np_plugin", "np_plugin.vcproj", "{605C3399-F131-490D-8C6C-39EA7CCC65D9}"
	ProjectSection(ProjectDependencies) = postProject
		{EB8A148B-D436-4A7D-8668-1EFD3ECEFEF3} = {EB8A148B-D436-4A7D-8668-1EFD3ECEFEF3}
		{1F20A2BD-1B12-491F-A579-79886B472ACF} = {1F20A2BD-1B12-491F-A579-79886B472ACF}
	EndProjectSection
EndProject
Project("{8BC9CEB8-8B4A-11D0-8D11-00A0C91BC942}") = "np_pl_misc", "np_pl_misc.vcproj", "{EA19CC81-B10D-4716-B9BC-3B9E7C2B0D04}"
EndProject
Project("{8BC9CEB8-8B4A-11D0-8D11-00A0C91BC942}") = "jo_player", "jo_player.vcproj", "{951DE09F-A3A6-4025-9F06-F562583BB971}"
	ProjectSection(ProjectDependencies) = postProject
		{B988AFA1-84A0-4C4A-878F-615943D7B8E2} = {B988AFA1-84A0-4C4A-878F-615943D7B8E2}
	EndProjectSection
EndProject
Project("{8BC9CEB8-8B4A-11D0-8D11-00A0C91BC942}") = "pl_hik", "pl_hik.vcproj", "{F2AC5B4A-559D-42F9-ACF3-BA910B87BC19}"
	ProjectSection(ProjectDependencies) = postProject
		{EB8A148B-D436-4A7D-8668-1EFD3ECEFEF3} = {EB8A148B-D436-4A7D-8668-1EFD3ECEFEF3}
		{1F20A2BD-1B12-491F-A579-79886B472ACF} = {1F20A2BD-1B12-491F-A579-79886B472ACF}
	EndProjectSection
EndProject
Project("{8BC9CEB8-8B4A-11D0-8D11-00A0C91BC942}") = "pl_jo", "pl_jo.vcproj", "{5B409D86-71C5-4D52-BB61-453DA0C97005}"
	ProjectSection(ProjectDependencies) = postProject
		{EB8A148B-D436-4A7D-8668-1EFD3ECEFEF3} = {EB8A148B-D436-4A7D-8668-1EFD3ECEFEF3}
		{951DE09F-A3A6-4025-9F06-F562583BB971} = {951DE09F-A3A6-4025-9F06-F562583BB971}
		{1F20A2BD-1B12-491F-A579-79886B472ACF} = {1F20A2BD-1B12-491F-A579-79886B472ACF}
	EndProjectSection
EndProject
Project("{8BC9CEB8-8B4A-11D0-8D11-00A0C91BC942}") = "pl_vlc", "pl_vlc.vcproj", "{084D6E40-BD3A-4B7D-A5A5-77315F7C1A80}"
	ProjectSection(ProjectDependencies) = postProject
		{EB8A148B-D436-4A7D-8668-1EFD3ECEFEF3} = {EB8A148B-D436-4A7D-8668-1EFD3ECEFEF3}
		{1F20A2BD-1B12-491F-A579-79886B472ACF} = {1F20A2BD-1B12-491F-A579-79886B472ACF}
	EndProjectSection
EndProject
Project("{8BC9CEB8-8B4A-11D0-8D11-00A0C91BC942}") = "pl_core", "pl_core.vcproj", "{1F20A2BD-1B12-491F-A579-79886B472ACF}"
EndProject
Project("{8BC9CEB8-8B4A-11D0-8D11-00A0C91BC942}") = "pl_ui", "pl_ui.vcproj", "{7F607872-0912-46D6-89FE-543B9DA1BDA3}"
	ProjectSection(ProjectDependencies) = postProject
		{EB8A148B-D436-4A7D-8668-1EFD3ECEFEF3} = {EB8A148B-D436-4A7D-8668-1EFD3ECEFEF3}
		{B988AFA1-84A0-4C4A-878F-615943D7B8E2} = {B988AFA1-84A0-4C4A-878F-615943D7B8E2}
		{1F20A2BD-1B12-491F-A579-79886B472ACF} = {1F20A2BD-1B12-491F-A579-79886B472ACF}
	EndProjectSection
EndProject
Project("{8BC9CEB8-8B4A-11D0-8D11-00A0C91BC942}") = "pl_utils", "pl_utils.vcproj", "{B988AFA1-84A0-4C4A-878F-615943D7B8E2}"
EndProject
Project("{8BC9CEB8-8B4A-11D0-8D11-00A0C91BC942}") = "pl_player", "pl_player.vcproj", "{EB8A148B-D436-4A7D-8668-1EFD3ECEFEF3}"
	ProjectSection(ProjectDependencies) = postProject
		{B988AFA1-84A0-4C4A-878F-615943D7B8E2} = {B988AFA1-84A0-4C4A-878F-615943D7B8E2}
		{1F20A2BD-1B12-491F-A579-79886B472ACF} = {1F20A2BD-1B12-491F-A579-79886B472ACF}
	EndProjectSection
EndProject
Global
	GlobalSection(SolutionConfigurationPlatforms) = preSolution
		Debug|Win32 = Debug|Win32
		Release|Win32 = Release|Win32
	EndGlobalSection
	GlobalSection(ProjectConfigurationPlatforms) = postSolution
		{605C3399-F131-490D-8C6C-39EA7CCC65D9}.Debug|Win32.ActiveCfg = Debug|Win32
		{605C3399-F131-490D-8C6C-39EA7CCC65D9}.Debug|Win32.Build.0 = Debug|Win32
		{605C3399-F131-490D-8C6C-39EA7CCC65D9}.Release|Win32.ActiveCfg = Release|Win32
		{605C3399-F131-490D-8C6C-39EA7CCC65D9}.Release|Win32.Build.0 = Release|Win32
		{EA19CC81-B10D-4716-B9BC-3B9E7C2B0D04}.Debug|Win32.ActiveCfg = Debug|Win32
		{EA19CC81-B10D-4716-B9BC-3B9E7C2B0D04}.Debug|Win32.Build.0 = Debug|Win32
		{EA19CC81-B10D-4716-B9BC-3B9E7C2B0D04}.Release|Win32.ActiveCfg = Release|Win32
		{EA19CC81-B10D-4716-B9BC-3B9E7C2B0D04}.Release|Win32.Build.0 = Release|Win32
		{951DE09F-A3A6-4025-9F06-F562583BB971}.Debug|Win32.ActiveCfg = Debug|Win32
		{951DE09F-A3A6-4025-9F06-F562583BB971}.Debug|Win32.Build.0 = Debug|Win32
		{951DE09F-A3A6-4025-9F06-F562583BB971}.Release|Win32.ActiveCfg = Release|Win32
		{951DE09F-A3A6-4025-9F06-F562583BB971}.Release|Win32.Build.0 = Release|Win32
		{F2AC5B4A-559D-42F9-ACF3-BA910B87BC19}.Debug|Win32.ActiveCfg = Debug|Win32
		{F2AC5B4A-559D-42F9-ACF3-BA910B87BC19}.Debug|Win32.Build.0 = Debug|Win32
		{F2AC5B4A-559D-42F9-ACF3-BA910B87BC19}.Release|Win32.ActiveCfg = Release|Win32
		{F2AC5B4A-559D-42F9-ACF3-BA910B87BC19}.Release|Win32.Build.0 = Release|Win32
		{5B409D86-71C5-4D52-BB61-453DA0C97005}.Debug|Win32.ActiveCfg = Debug|Win32
		{5B409D86-71C5-4D52-BB61-453DA0C97005}.Debug|Win32.Build.0 = Debug|Win32
		{5B409D86-71C5-4D52-BB61-453DA0C97005}.Release|Win32.ActiveCfg = Release|Win32
		{5B409D86-71C5-4D52-BB61-453DA0C97005}.Release|Win32.Build.0 = Release|Win32
		{084D6E40-BD3A-4B7D-A5A5-77315F7C1A80}.Debug|Win32.ActiveCfg = Debug|Win32
		{084D6E40-BD3A-4B7D-A5A5-77315F7C1A80}.Debug|Win32.Build.0 = Debug|Win32
		{084D6E40-BD3A-4B7D-A5A5-77315F7C1A80}.Release|Win32.ActiveCfg = Release|Win32
		{084D6E40-BD3A-4B7D-A5A5-77315F7C1A80}.Release|Win32.Build.0 = Release|Win32
		{1F20A2BD-1B12-491F-A579-79886B472ACF}.Debug|Win32.ActiveCfg = Debug|Win32
		{1F20A2BD-1B12-491F-A579-79886B472ACF}.Debug|Win32.Build.0 = Debug|Win32
		{1F20A2BD-1B12-491F-A579-79886B472ACF}.Release|Win32.ActiveCfg = Release|Win32
		{1F20A2BD-1B12-491F-A579-79886B472ACF}.Release|Win32.Build.0 = Release|Win32
		{7F607872-0912-46D6-89FE-543B9DA1BDA3}.Debug|Win32.ActiveCfg = Debug|Win32
		{7F607872-0912-46D6-89FE-543B9DA1BDA3}.Debug|Win32.Build.0 = Debug|Win32
		{7F607872-0912-46D6-89FE-543B9DA1BDA3}.Release|Win32.ActiveCfg = Release|Win32
		{7F607872-0912-46D6-89FE-543B9DA1BDA3}.Release|Win32.Build.0 = Release|Win32
		{B988AFA1-84A0-4C4A-878F-615943D7B8E2}.Debug|Win32.ActiveCfg = Debug|Win32
		{B988AFA1-84A0-4C4A-878F-615943D7B8E2}.Debug|Win32.Build.0 = Debug|Win32
		{B988AFA1-84A0-4C4A-878F-615943D7B8E2}.Release|Win32.ActiveCfg = Release|Win32
		{B988AFA1-84A0-4C4A-878F-615943D7B8E2}.Release|Win32.Build.0 = Release|Win32
		{EB8A148B-D436-4A7D-8668-1EFD3ECEFEF3}.Debug|Win32.ActiveCfg = Debug|Win32
		{EB8A148B-D436-4A7D-8668-1EFD3ECEFEF3}.Debug|Win32.Build.0 = Debug|Win32
		{EB8A148B-D436-4A7D-8668-1EFD3ECEFEF3}.Release|Win32.ActiveCfg = Release|Win32
		{EB8A148B-D436-4A7D-8668-1EFD3ECEFEF3}.Release|Win32.Build.0 = Release|Win32
	EndGlobalSection
	GlobalSection(SolutionProperties) = preSolution
		HideSolutionNode = FALSE
	EndGlobalSection
EndGlobal
