
Microsoft Visual Studio Solution File, Format Version 10.00
# Visual Studio 2008
Project("{8BC9CEB8-8B4A-11D0-8D11-00A0C91BC942}") = "joiss", "joiss.vcproj", "{89926F90-C88F-4457-B1BC-12A1B6E66D6B}"
EndProject
Project("{8BC9CEB8-8B4A-11D0-8D11-00A0C91BC942}") = "core", "core.vcproj", "{7B307C2E-F663-449C-BC87-A69E1E267D0D}"
EndProject
Project("{8BC9CEB8-8B4A-11D0-8D11-00A0C91BC942}") = "utils", "utils.vcproj", "{1661EC8A-0BC3-492A-A3BB-71557CF5E3D3}"
EndProject
Project("{8BC9CEB8-8B4A-11D0-8D11-00A0C91BC942}") = "StreamManager", "StreamManager.vcproj", "{34F0B6C3-BD56-47D9-8DD2-F53458F5314F}"
EndProject
Project("{8BC9CEB8-8B4A-11D0-8D11-00A0C91BC942}") = "misc", "misc.vcproj", "{1FA8F0EE-76AC-483C-898F-8257039FC262}"
	ProjectSection(ProjectDependencies) = postProject
		{7B307C2E-F663-449C-BC87-A69E1E267D0D} = {7B307C2E-F663-449C-BC87-A69E1E267D0D}
		{1661EC8A-0BC3-492A-A3BB-71557CF5E3D3} = {1661EC8A-0BC3-492A-A3BB-71557CF5E3D3}
	EndProjectSection
EndProject
Global
	GlobalSection(SolutionConfigurationPlatforms) = preSolution
		Debug|Win32 = Debug|Win32
		Release|Win32 = Release|Win32
	EndGlobalSection
	GlobalSection(ProjectConfigurationPlatforms) = postSolution
		{89926F90-C88F-4457-B1BC-12A1B6E66D6B}.Debug|Win32.ActiveCfg = Debug|Win32
		{89926F90-C88F-4457-B1BC-12A1B6E66D6B}.Debug|Win32.Build.0 = Debug|Win32
		{89926F90-C88F-4457-B1BC-12A1B6E66D6B}.Release|Win32.ActiveCfg = Release|Win32
		{89926F90-C88F-4457-B1BC-12A1B6E66D6B}.Release|Win32.Build.0 = Release|Win32
		{7B307C2E-F663-449C-BC87-A69E1E267D0D}.Debug|Win32.ActiveCfg = Debug|Win32
		{7B307C2E-F663-449C-BC87-A69E1E267D0D}.Debug|Win32.Build.0 = Debug|Win32
		{7B307C2E-F663-449C-BC87-A69E1E267D0D}.Release|Win32.ActiveCfg = Release|Win32
		{7B307C2E-F663-449C-BC87-A69E1E267D0D}.Release|Win32.Build.0 = Release|Win32
		{1661EC8A-0BC3-492A-A3BB-71557CF5E3D3}.Debug|Win32.ActiveCfg = Debug|Win32
		{1661EC8A-0BC3-492A-A3BB-71557CF5E3D3}.Debug|Win32.Build.0 = Debug|Win32
		{1661EC8A-0BC3-492A-A3BB-71557CF5E3D3}.Release|Win32.ActiveCfg = Release|Win32
		{1661EC8A-0BC3-492A-A3BB-71557CF5E3D3}.Release|Win32.Build.0 = Release|Win32
		{34F0B6C3-BD56-47D9-8DD2-F53458F5314F}.Debug|Win32.ActiveCfg = Debug|Win32
		{34F0B6C3-BD56-47D9-8DD2-F53458F5314F}.Debug|Win32.Build.0 = Debug|Win32
		{34F0B6C3-BD56-47D9-8DD2-F53458F5314F}.Release|Win32.ActiveCfg = Release|Win32
		{34F0B6C3-BD56-47D9-8DD2-F53458F5314F}.Release|Win32.Build.0 = Release|Win32
		{1FA8F0EE-76AC-483C-898F-8257039FC262}.Debug|Win32.ActiveCfg = Debug|Win32
		{1FA8F0EE-76AC-483C-898F-8257039FC262}.Debug|Win32.Build.0 = Debug|Win32
		{1FA8F0EE-76AC-483C-898F-8257039FC262}.Release|Win32.ActiveCfg = Release|Win32
		{1FA8F0EE-76AC-483C-898F-8257039FC262}.Release|Win32.Build.0 = Release|Win32
	EndGlobalSection
	GlobalSection(SolutionProperties) = preSolution
		HideSolutionNode = FALSE
	EndGlobalSection
EndGlobal
