
Microsoft Visual Studio Solution File, Format Version 10.00
# Visual Studio 2008
Project("{8BC9CEB8-8B4A-11D0-8D11-00A0C91BC942}") = "joiss", "joiss.vcproj", "{89926F90-C88F-4457-B1BC-12A1B6E66D6B}"
	ProjectSection(ProjectDependencies) = postProject
		{1161ED1C-2440-4D06-A980-31C02846C620} = {1161ED1C-2440-4D06-A980-31C02846C620}
		{7B307C2E-F663-449C-BC87-A69E1E267D0D} = {7B307C2E-F663-449C-BC87-A69E1E267D0D}
		{34F0B6C3-BD56-47D9-8DD2-F53458F5314F} = {34F0B6C3-BD56-47D9-8DD2-F53458F5314F}
		{1FA8F0EE-76AC-483C-898F-8257039FC262} = {1FA8F0EE-76AC-483C-898F-8257039FC262}
	EndProjectSection
EndProject
Project("{8BC9CEB8-8B4A-11D0-8D11-00A0C91BC942}") = "core", "core.vcproj", "{7B307C2E-F663-449C-BC87-A69E1E267D0D}"
EndProject
Project("{8BC9CEB8-8B4A-11D0-8D11-00A0C91BC942}") = "utils", "utils.vcproj", "{1661EC8A-0BC3-492A-A3BB-71557CF5E3D3}"
EndProject
Project("{8BC9CEB8-8B4A-11D0-8D11-00A0C91BC942}") = "StreamManager", "StreamManager.vcproj", "{34F0B6C3-BD56-47D9-8DD2-F53458F5314F}"
	ProjectSection(ProjectDependencies) = postProject
		{B61DCA14-7BD7-4B07-B19B-F05CF8636B95} = {B61DCA14-7BD7-4B07-B19B-F05CF8636B95}
		{7B307C2E-F663-449C-BC87-A69E1E267D0D} = {7B307C2E-F663-449C-BC87-A69E1E267D0D}
		{1FA8F0EE-76AC-483C-898F-8257039FC262} = {1FA8F0EE-76AC-483C-898F-8257039FC262}
	EndProjectSection
EndProject
Project("{8BC9CEB8-8B4A-11D0-8D11-00A0C91BC942}") = "misc", "misc.vcproj", "{1FA8F0EE-76AC-483C-898F-8257039FC262}"
	ProjectSection(ProjectDependencies) = postProject
		{7B307C2E-F663-449C-BC87-A69E1E267D0D} = {7B307C2E-F663-449C-BC87-A69E1E267D0D}
		{1661EC8A-0BC3-492A-A3BB-71557CF5E3D3} = {1661EC8A-0BC3-492A-A3BB-71557CF5E3D3}
	EndProjectSection
EndProject
Project("{8BC9CEB8-8B4A-11D0-8D11-00A0C91BC942}") = "RecordManager", "RecordManager.vcproj", "{B61DCA14-7BD7-4B07-B19B-F05CF8636B95}"
	ProjectSection(ProjectDependencies) = postProject
		{7B307C2E-F663-449C-BC87-A69E1E267D0D} = {7B307C2E-F663-449C-BC87-A69E1E267D0D}
		{1FA8F0EE-76AC-483C-898F-8257039FC262} = {1FA8F0EE-76AC-483C-898F-8257039FC262}
	EndProjectSection
EndProject
Project("{8BC9CEB8-8B4A-11D0-8D11-00A0C91BC942}") = "JoissManager", "JoissManager.vcproj", "{1161ED1C-2440-4D06-A980-31C02846C620}"
	ProjectSection(ProjectDependencies) = postProject
		{B61DCA14-7BD7-4B07-B19B-F05CF8636B95} = {B61DCA14-7BD7-4B07-B19B-F05CF8636B95}
		{7B307C2E-F663-449C-BC87-A69E1E267D0D} = {7B307C2E-F663-449C-BC87-A69E1E267D0D}
		{1661EC8A-0BC3-492A-A3BB-71557CF5E3D3} = {1661EC8A-0BC3-492A-A3BB-71557CF5E3D3}
		{34F0B6C3-BD56-47D9-8DD2-F53458F5314F} = {34F0B6C3-BD56-47D9-8DD2-F53458F5314F}
		{1FA8F0EE-76AC-483C-898F-8257039FC262} = {1FA8F0EE-76AC-483C-898F-8257039FC262}
	EndProjectSection
EndProject
Project("{8BC9CEB8-8B4A-11D0-8D11-00A0C91BC942}") = "HttpRequest", "HttpRequest.vcproj", "{77167A33-7CC2-4759-8F44-D5B696B6900B}"
	ProjectSection(ProjectDependencies) = postProject
		{7B307C2E-F663-449C-BC87-A69E1E267D0D} = {7B307C2E-F663-449C-BC87-A69E1E267D0D}
		{1FA8F0EE-76AC-483C-898F-8257039FC262} = {1FA8F0EE-76AC-483C-898F-8257039FC262}
	EndProjectSection
EndProject
Project("{8BC9CEB8-8B4A-11D0-8D11-00A0C91BC942}") = "JofsReader", "JofsReader.vcproj", "{553BB57C-C163-4222-8141-1DB1439DFE4A}"
	ProjectSection(ProjectDependencies) = postProject
		{7B307C2E-F663-449C-BC87-A69E1E267D0D} = {7B307C2E-F663-449C-BC87-A69E1E267D0D}
		{1FA8F0EE-76AC-483C-898F-8257039FC262} = {1FA8F0EE-76AC-483C-898F-8257039FC262}
	EndProjectSection
EndProject
Project("{8BC9CEB8-8B4A-11D0-8D11-00A0C91BC942}") = "JoHost", "JoHost.vcproj", "{6B1DCE51-39F0-497D-A1B8-13C25898D031}"
	ProjectSection(ProjectDependencies) = postProject
		{7B307C2E-F663-449C-BC87-A69E1E267D0D} = {7B307C2E-F663-449C-BC87-A69E1E267D0D}
		{1661EC8A-0BC3-492A-A3BB-71557CF5E3D3} = {1661EC8A-0BC3-492A-A3BB-71557CF5E3D3}
		{1FA8F0EE-76AC-483C-898F-8257039FC262} = {1FA8F0EE-76AC-483C-898F-8257039FC262}
	EndProjectSection
EndProject
Project("{8BC9CEB8-8B4A-11D0-8D11-00A0C91BC942}") = "JorReader", "JorReader.vcproj", "{E9A1E18F-4179-4E5C-88D2-C240C68B9CB9}"
	ProjectSection(ProjectDependencies) = postProject
		{7B307C2E-F663-449C-BC87-A69E1E267D0D} = {7B307C2E-F663-449C-BC87-A69E1E267D0D}
		{1661EC8A-0BC3-492A-A3BB-71557CF5E3D3} = {1661EC8A-0BC3-492A-A3BB-71557CF5E3D3}
		{1FA8F0EE-76AC-483C-898F-8257039FC262} = {1FA8F0EE-76AC-483C-898F-8257039FC262}
	EndProjectSection
EndProject
Project("{8BC9CEB8-8B4A-11D0-8D11-00A0C91BC942}") = "JospControl", "JospControl.vcproj", "{5E3E2880-40B9-42CE-A863-268ADE483CBF}"
	ProjectSection(ProjectDependencies) = postProject
		{1161ED1C-2440-4D06-A980-31C02846C620} = {1161ED1C-2440-4D06-A980-31C02846C620}
		{7B307C2E-F663-449C-BC87-A69E1E267D0D} = {7B307C2E-F663-449C-BC87-A69E1E267D0D}
		{1661EC8A-0BC3-492A-A3BB-71557CF5E3D3} = {1661EC8A-0BC3-492A-A3BB-71557CF5E3D3}
		{34F0B6C3-BD56-47D9-8DD2-F53458F5314F} = {34F0B6C3-BD56-47D9-8DD2-F53458F5314F}
		{1FA8F0EE-76AC-483C-898F-8257039FC262} = {1FA8F0EE-76AC-483C-898F-8257039FC262}
	EndProjectSection
EndProject
Project("{8BC9CEB8-8B4A-11D0-8D11-00A0C91BC942}") = "JospRequest", "JospRequest.vcproj", "{1591A68D-C1EA-404F-9F69-006D020CBAC9}"
	ProjectSection(ProjectDependencies) = postProject
		{7B307C2E-F663-449C-BC87-A69E1E267D0D} = {7B307C2E-F663-449C-BC87-A69E1E267D0D}
		{1FA8F0EE-76AC-483C-898F-8257039FC262} = {1FA8F0EE-76AC-483C-898F-8257039FC262}
	EndProjectSection
EndProject
Project("{8BC9CEB8-8B4A-11D0-8D11-00A0C91BC942}") = "JosStream", "JosStream.vcproj", "{03356C3A-848B-4FAE-9801-2044ECC32FE7}"
	ProjectSection(ProjectDependencies) = postProject
		{7B307C2E-F663-449C-BC87-A69E1E267D0D} = {7B307C2E-F663-449C-BC87-A69E1E267D0D}
		{1FA8F0EE-76AC-483C-898F-8257039FC262} = {1FA8F0EE-76AC-483C-898F-8257039FC262}
	EndProjectSection
EndProject
Project("{8BC9CEB8-8B4A-11D0-8D11-00A0C91BC942}") = "LocalConfig", "LocalConfig.vcproj", "{B582F782-7F9D-417A-8C32-DCDD8A4243F4}"
	ProjectSection(ProjectDependencies) = postProject
		{B61DCA14-7BD7-4B07-B19B-F05CF8636B95} = {B61DCA14-7BD7-4B07-B19B-F05CF8636B95}
		{7B307C2E-F663-449C-BC87-A69E1E267D0D} = {7B307C2E-F663-449C-BC87-A69E1E267D0D}
		{1661EC8A-0BC3-492A-A3BB-71557CF5E3D3} = {1661EC8A-0BC3-492A-A3BB-71557CF5E3D3}
		{34F0B6C3-BD56-47D9-8DD2-F53458F5314F} = {34F0B6C3-BD56-47D9-8DD2-F53458F5314F}
		{1FA8F0EE-76AC-483C-898F-8257039FC262} = {1FA8F0EE-76AC-483C-898F-8257039FC262}
	EndProjectSection
EndProject
Project("{8BC9CEB8-8B4A-11D0-8D11-00A0C91BC942}") = "MCConfig", "MCConfig.vcproj", "{29B80E7C-804C-4C4A-A31D-44BCC9A95378}"
	ProjectSection(ProjectDependencies) = postProject
		{B61DCA14-7BD7-4B07-B19B-F05CF8636B95} = {B61DCA14-7BD7-4B07-B19B-F05CF8636B95}
		{7B307C2E-F663-449C-BC87-A69E1E267D0D} = {7B307C2E-F663-449C-BC87-A69E1E267D0D}
		{1FA8F0EE-76AC-483C-898F-8257039FC262} = {1FA8F0EE-76AC-483C-898F-8257039FC262}
	EndProjectSection
EndProject
Project("{8BC9CEB8-8B4A-11D0-8D11-00A0C91BC942}") = "MCControl", "MCControl.vcproj", "{126877C2-792D-48AA-8E5A-C9757ED4DC22}"
	ProjectSection(ProjectDependencies) = postProject
		{B61DCA14-7BD7-4B07-B19B-F05CF8636B95} = {B61DCA14-7BD7-4B07-B19B-F05CF8636B95}
		{7B307C2E-F663-449C-BC87-A69E1E267D0D} = {7B307C2E-F663-449C-BC87-A69E1E267D0D}
		{1661EC8A-0BC3-492A-A3BB-71557CF5E3D3} = {1661EC8A-0BC3-492A-A3BB-71557CF5E3D3}
		{34F0B6C3-BD56-47D9-8DD2-F53458F5314F} = {34F0B6C3-BD56-47D9-8DD2-F53458F5314F}
		{1FA8F0EE-76AC-483C-898F-8257039FC262} = {1FA8F0EE-76AC-483C-898F-8257039FC262}
	EndProjectSection
EndProject
Project("{8BC9CEB8-8B4A-11D0-8D11-00A0C91BC942}") = "PSStream", "PSStream.vcproj", "{5F51DE6C-5A30-418B-AD05-4FE71515488F}"
	ProjectSection(ProjectDependencies) = postProject
		{7B307C2E-F663-449C-BC87-A69E1E267D0D} = {7B307C2E-F663-449C-BC87-A69E1E267D0D}
		{1661EC8A-0BC3-492A-A3BB-71557CF5E3D3} = {1661EC8A-0BC3-492A-A3BB-71557CF5E3D3}
		{1FA8F0EE-76AC-483C-898F-8257039FC262} = {1FA8F0EE-76AC-483C-898F-8257039FC262}
	EndProjectSection
EndProject
Project("{8BC9CEB8-8B4A-11D0-8D11-00A0C91BC942}") = "RtpStream", "RtpStream.vcproj", "{E7EC09FF-95A7-412A-B1F4-47043F71B207}"
	ProjectSection(ProjectDependencies) = postProject
		{7B307C2E-F663-449C-BC87-A69E1E267D0D} = {7B307C2E-F663-449C-BC87-A69E1E267D0D}
		{1FA8F0EE-76AC-483C-898F-8257039FC262} = {1FA8F0EE-76AC-483C-898F-8257039FC262}
	EndProjectSection
EndProject
Project("{8BC9CEB8-8B4A-11D0-8D11-00A0C91BC942}") = "RtspRequest", "RtspRequest.vcproj", "{FD348C9B-0B9E-49B1-AF96-F236A697FBF5}"
	ProjectSection(ProjectDependencies) = postProject
		{7B307C2E-F663-449C-BC87-A69E1E267D0D} = {7B307C2E-F663-449C-BC87-A69E1E267D0D}
		{1661EC8A-0BC3-492A-A3BB-71557CF5E3D3} = {1661EC8A-0BC3-492A-A3BB-71557CF5E3D3}
		{1FA8F0EE-76AC-483C-898F-8257039FC262} = {1FA8F0EE-76AC-483C-898F-8257039FC262}
	EndProjectSection
EndProject
Project("{8BC9CEB8-8B4A-11D0-8D11-00A0C91BC942}") = "TSStream", "TSStream.vcproj", "{7F6D7386-4C6D-42EF-AA49-DDA974CFE9FC}"
	ProjectSection(ProjectDependencies) = postProject
		{7B307C2E-F663-449C-BC87-A69E1E267D0D} = {7B307C2E-F663-449C-BC87-A69E1E267D0D}
		{1661EC8A-0BC3-492A-A3BB-71557CF5E3D3} = {1661EC8A-0BC3-492A-A3BB-71557CF5E3D3}
		{1FA8F0EE-76AC-483C-898F-8257039FC262} = {1FA8F0EE-76AC-483C-898F-8257039FC262}
	EndProjectSection
EndProject
Project("{8BC9CEB8-8B4A-11D0-8D11-00A0C91BC942}") = "HikHost", "HikHost.vcproj", "{0135FDEC-AA37-4A49-BA40-2F263CE67E60}"
	ProjectSection(ProjectDependencies) = postProject
		{7B307C2E-F663-449C-BC87-A69E1E267D0D} = {7B307C2E-F663-449C-BC87-A69E1E267D0D}
		{1661EC8A-0BC3-492A-A3BB-71557CF5E3D3} = {1661EC8A-0BC3-492A-A3BB-71557CF5E3D3}
		{1FA8F0EE-76AC-483C-898F-8257039FC262} = {1FA8F0EE-76AC-483C-898F-8257039FC262}
	EndProjectSection
EndProject
Project("{8BC9CEB8-8B4A-11D0-8D11-00A0C91BC942}") = "SamsungHost", "SamsungHost.vcproj", "{C69D3A27-D98E-4282-B147-089C0967BCD9}"
	ProjectSection(ProjectDependencies) = postProject
		{7B307C2E-F663-449C-BC87-A69E1E267D0D} = {7B307C2E-F663-449C-BC87-A69E1E267D0D}
		{1661EC8A-0BC3-492A-A3BB-71557CF5E3D3} = {1661EC8A-0BC3-492A-A3BB-71557CF5E3D3}
		{1FA8F0EE-76AC-483C-898F-8257039FC262} = {1FA8F0EE-76AC-483C-898F-8257039FC262}
	EndProjectSection
EndProject
Project("{8BC9CEB8-8B4A-11D0-8D11-00A0C91BC942}") = "SonyHost", "SonyHost.vcproj", "{929FAA95-8F99-439A-9CE1-244E9D63FE28}"
	ProjectSection(ProjectDependencies) = postProject
		{7B307C2E-F663-449C-BC87-A69E1E267D0D} = {7B307C2E-F663-449C-BC87-A69E1E267D0D}
		{1661EC8A-0BC3-492A-A3BB-71557CF5E3D3} = {1661EC8A-0BC3-492A-A3BB-71557CF5E3D3}
		{1FA8F0EE-76AC-483C-898F-8257039FC262} = {1FA8F0EE-76AC-483C-898F-8257039FC262}
	EndProjectSection
EndProject
Project("{8BC9CEB8-8B4A-11D0-8D11-00A0C91BC942}") = "DahuaHost", "DahuaHost.vcproj", "{60E9102E-66D0-480D-BF27-A1670C56F266}"
	ProjectSection(ProjectDependencies) = postProject
		{7B307C2E-F663-449C-BC87-A69E1E267D0D} = {7B307C2E-F663-449C-BC87-A69E1E267D0D}
		{1661EC8A-0BC3-492A-A3BB-71557CF5E3D3} = {1661EC8A-0BC3-492A-A3BB-71557CF5E3D3}
		{1FA8F0EE-76AC-483C-898F-8257039FC262} = {1FA8F0EE-76AC-483C-898F-8257039FC262}
	EndProjectSection
EndProject
Project("{8BC9CEB8-8B4A-11D0-8D11-00A0C91BC942}") = "AipstarHost", "AipstarHost.vcproj", "{1C6C902A-CF2A-49F4-A070-512BD7D221A3}"
	ProjectSection(ProjectDependencies) = postProject
		{7B307C2E-F663-449C-BC87-A69E1E267D0D} = {7B307C2E-F663-449C-BC87-A69E1E267D0D}
		{1661EC8A-0BC3-492A-A3BB-71557CF5E3D3} = {1661EC8A-0BC3-492A-A3BB-71557CF5E3D3}
		{1FA8F0EE-76AC-483C-898F-8257039FC262} = {1FA8F0EE-76AC-483C-898F-8257039FC262}
	EndProjectSection
EndProject
Project("{8BC9CEB8-8B4A-11D0-8D11-00A0C91BC942}") = "AironixHost", "AironixHost.vcproj", "{E76AF002-279E-4042-8C7E-B21F5E029617}"
	ProjectSection(ProjectDependencies) = postProject
		{7B307C2E-F663-449C-BC87-A69E1E267D0D} = {7B307C2E-F663-449C-BC87-A69E1E267D0D}
		{1661EC8A-0BC3-492A-A3BB-71557CF5E3D3} = {1661EC8A-0BC3-492A-A3BB-71557CF5E3D3}
		{1FA8F0EE-76AC-483C-898F-8257039FC262} = {1FA8F0EE-76AC-483C-898F-8257039FC262}
	EndProjectSection
EndProject
Project("{8BC9CEB8-8B4A-11D0-8D11-00A0C91BC942}") = "PlayManager", "PlayManager.vcproj", "{7EB11F82-A3A0-4A14-AC2E-6E3FB92AB97C}"
	ProjectSection(ProjectDependencies) = postProject
		{7B307C2E-F663-449C-BC87-A69E1E267D0D} = {7B307C2E-F663-449C-BC87-A69E1E267D0D}
		{1FA8F0EE-76AC-483C-898F-8257039FC262} = {1FA8F0EE-76AC-483C-898F-8257039FC262}
	EndProjectSection
EndProject
Project("{8BC9CEB8-8B4A-11D0-8D11-00A0C91BC942}") = "JoPlayer", "JoPlayer.vcproj", "{A6B9537B-F420-4D32-8F31-78155C9845AE}"
	ProjectSection(ProjectDependencies) = postProject
		{7B307C2E-F663-449C-BC87-A69E1E267D0D} = {7B307C2E-F663-449C-BC87-A69E1E267D0D}
		{1FA8F0EE-76AC-483C-898F-8257039FC262} = {1FA8F0EE-76AC-483C-898F-8257039FC262}
	EndProjectSection
EndProject
Project("{8BC9CEB8-8B4A-11D0-8D11-00A0C91BC942}") = "H264Decoder", "H264Decoder.vcproj", "{E4259BC5-49FD-44E5-8493-1B96B5AE7ABD}"
	ProjectSection(ProjectDependencies) = postProject
		{7B307C2E-F663-449C-BC87-A69E1E267D0D} = {7B307C2E-F663-449C-BC87-A69E1E267D0D}
	EndProjectSection
EndProject
Project("{8BC9CEB8-8B4A-11D0-8D11-00A0C91BC942}") = "JoRender", "JoRender.vcproj", "{C8B51962-AFFB-441D-AB71-43872123D83B}"
	ProjectSection(ProjectDependencies) = postProject
		{7B307C2E-F663-449C-BC87-A69E1E267D0D} = {7B307C2E-F663-449C-BC87-A69E1E267D0D}
		{1661EC8A-0BC3-492A-A3BB-71557CF5E3D3} = {1661EC8A-0BC3-492A-A3BB-71557CF5E3D3}
	EndProjectSection
EndProject
Project("{8BC9CEB8-8B4A-11D0-8D11-00A0C91BC942}") = "OnvifHost2", "OnvifHost2.vcproj", "{BD251CBF-F7CE-4C3E-96A2-C9AD735375D9}"
	ProjectSection(ProjectDependencies) = postProject
		{7B307C2E-F663-449C-BC87-A69E1E267D0D} = {7B307C2E-F663-449C-BC87-A69E1E267D0D}
		{1661EC8A-0BC3-492A-A3BB-71557CF5E3D3} = {1661EC8A-0BC3-492A-A3BB-71557CF5E3D3}
		{1FA8F0EE-76AC-483C-898F-8257039FC262} = {1FA8F0EE-76AC-483C-898F-8257039FC262}
	EndProjectSection
EndProject
Global
	GlobalSection(SolutionConfigurationPlatforms) = preSolution
		Debug|Win32 = Debug|Win32
		Release|Win32 = Release|Win32
	EndGlobalSection
	GlobalSection(ProjectConfigurationPlatforms) = postSolution
		{89926F90-C88F-4457-B1BC-12A1B6E66D6B}.Debug|Win32.ActiveCfg = Debug|Win32
		{89926F90-C88F-4457-B1BC-12A1B6E66D6B}.Debug|Win32.Build.0 = Debug|Win32
		{89926F90-C88F-4457-B1BC-12A1B6E66D6B}.Release|Win32.ActiveCfg = Release|Win32
		{89926F90-C88F-4457-B1BC-12A1B6E66D6B}.Release|Win32.Build.0 = Release|Win32
		{7B307C2E-F663-449C-BC87-A69E1E267D0D}.Debug|Win32.ActiveCfg = Debug|Win32
		{7B307C2E-F663-449C-BC87-A69E1E267D0D}.Debug|Win32.Build.0 = Debug|Win32
		{7B307C2E-F663-449C-BC87-A69E1E267D0D}.Release|Win32.ActiveCfg = Release|Win32
		{7B307C2E-F663-449C-BC87-A69E1E267D0D}.Release|Win32.Build.0 = Release|Win32
		{1661EC8A-0BC3-492A-A3BB-71557CF5E3D3}.Debug|Win32.ActiveCfg = Debug|Win32
		{1661EC8A-0BC3-492A-A3BB-71557CF5E3D3}.Debug|Win32.Build.0 = Debug|Win32
		{1661EC8A-0BC3-492A-A3BB-71557CF5E3D3}.Release|Win32.ActiveCfg = Release|Win32
		{1661EC8A-0BC3-492A-A3BB-71557CF5E3D3}.Release|Win32.Build.0 = Release|Win32
		{34F0B6C3-BD56-47D9-8DD2-F53458F5314F}.Debug|Win32.ActiveCfg = Debug|Win32
		{34F0B6C3-BD56-47D9-8DD2-F53458F5314F}.Debug|Win32.Build.0 = Debug|Win32
		{34F0B6C3-BD56-47D9-8DD2-F53458F5314F}.Release|Win32.ActiveCfg = Release|Win32
		{34F0B6C3-BD56-47D9-8DD2-F53458F5314F}.Release|Win32.Build.0 = Release|Win32
		{1FA8F0EE-76AC-483C-898F-8257039FC262}.Debug|Win32.ActiveCfg = Debug|Win32
		{1FA8F0EE-76AC-483C-898F-8257039FC262}.Debug|Win32.Build.0 = Debug|Win32
		{1FA8F0EE-76AC-483C-898F-8257039FC262}.Release|Win32.ActiveCfg = Release|Win32
		{1FA8F0EE-76AC-483C-898F-8257039FC262}.Release|Win32.Build.0 = Release|Win32
		{B61DCA14-7BD7-4B07-B19B-F05CF8636B95}.Debug|Win32.ActiveCfg = Debug|Win32
		{B61DCA14-7BD7-4B07-B19B-F05CF8636B95}.Debug|Win32.Build.0 = Debug|Win32
		{B61DCA14-7BD7-4B07-B19B-F05CF8636B95}.Release|Win32.ActiveCfg = Release|Win32
		{B61DCA14-7BD7-4B07-B19B-F05CF8636B95}.Release|Win32.Build.0 = Release|Win32
		{1161ED1C-2440-4D06-A980-31C02846C620}.Debug|Win32.ActiveCfg = Debug|Win32
		{1161ED1C-2440-4D06-A980-31C02846C620}.Debug|Win32.Build.0 = Debug|Win32
		{1161ED1C-2440-4D06-A980-31C02846C620}.Release|Win32.ActiveCfg = Release|Win32
		{1161ED1C-2440-4D06-A980-31C02846C620}.Release|Win32.Build.0 = Release|Win32
		{77167A33-7CC2-4759-8F44-D5B696B6900B}.Debug|Win32.ActiveCfg = Debug|Win32
		{77167A33-7CC2-4759-8F44-D5B696B6900B}.Debug|Win32.Build.0 = Debug|Win32
		{77167A33-7CC2-4759-8F44-D5B696B6900B}.Release|Win32.ActiveCfg = Release|Win32
		{77167A33-7CC2-4759-8F44-D5B696B6900B}.Release|Win32.Build.0 = Release|Win32
		{553BB57C-C163-4222-8141-1DB1439DFE4A}.Debug|Win32.ActiveCfg = Debug|Win32
		{553BB57C-C163-4222-8141-1DB1439DFE4A}.Debug|Win32.Build.0 = Debug|Win32
		{553BB57C-C163-4222-8141-1DB1439DFE4A}.Release|Win32.ActiveCfg = Release|Win32
		{553BB57C-C163-4222-8141-1DB1439DFE4A}.Release|Win32.Build.0 = Release|Win32
		{6B1DCE51-39F0-497D-A1B8-13C25898D031}.Debug|Win32.ActiveCfg = Debug|Win32
		{6B1DCE51-39F0-497D-A1B8-13C25898D031}.Debug|Win32.Build.0 = Debug|Win32
		{6B1DCE51-39F0-497D-A1B8-13C25898D031}.Release|Win32.ActiveCfg = Release|Win32
		{6B1DCE51-39F0-497D-A1B8-13C25898D031}.Release|Win32.Build.0 = Release|Win32
		{E9A1E18F-4179-4E5C-88D2-C240C68B9CB9}.Debug|Win32.ActiveCfg = Debug|Win32
		{E9A1E18F-4179-4E5C-88D2-C240C68B9CB9}.Debug|Win32.Build.0 = Debug|Win32
		{E9A1E18F-4179-4E5C-88D2-C240C68B9CB9}.Release|Win32.ActiveCfg = Release|Win32
		{E9A1E18F-4179-4E5C-88D2-C240C68B9CB9}.Release|Win32.Build.0 = Release|Win32
		{5E3E2880-40B9-42CE-A863-268ADE483CBF}.Debug|Win32.ActiveCfg = Debug|Win32
		{5E3E2880-40B9-42CE-A863-268ADE483CBF}.Debug|Win32.Build.0 = Debug|Win32
		{5E3E2880-40B9-42CE-A863-268ADE483CBF}.Release|Win32.ActiveCfg = Release|Win32
		{5E3E2880-40B9-42CE-A863-268ADE483CBF}.Release|Win32.Build.0 = Release|Win32
		{1591A68D-C1EA-404F-9F69-006D020CBAC9}.Debug|Win32.ActiveCfg = Debug|Win32
		{1591A68D-C1EA-404F-9F69-006D020CBAC9}.Debug|Win32.Build.0 = Debug|Win32
		{1591A68D-C1EA-404F-9F69-006D020CBAC9}.Release|Win32.ActiveCfg = Release|Win32
		{1591A68D-C1EA-404F-9F69-006D020CBAC9}.Release|Win32.Build.0 = Release|Win32
		{03356C3A-848B-4FAE-9801-2044ECC32FE7}.Debug|Win32.ActiveCfg = Debug|Win32
		{03356C3A-848B-4FAE-9801-2044ECC32FE7}.Debug|Win32.Build.0 = Debug|Win32
		{03356C3A-848B-4FAE-9801-2044ECC32FE7}.Release|Win32.ActiveCfg = Release|Win32
		{03356C3A-848B-4FAE-9801-2044ECC32FE7}.Release|Win32.Build.0 = Release|Win32
		{B582F782-7F9D-417A-8C32-DCDD8A4243F4}.Debug|Win32.ActiveCfg = Debug|Win32
		{B582F782-7F9D-417A-8C32-DCDD8A4243F4}.Debug|Win32.Build.0 = Debug|Win32
		{B582F782-7F9D-417A-8C32-DCDD8A4243F4}.Release|Win32.ActiveCfg = Release|Win32
		{B582F782-7F9D-417A-8C32-DCDD8A4243F4}.Release|Win32.Build.0 = Release|Win32
		{29B80E7C-804C-4C4A-A31D-44BCC9A95378}.Debug|Win32.ActiveCfg = Debug|Win32
		{29B80E7C-804C-4C4A-A31D-44BCC9A95378}.Debug|Win32.Build.0 = Debug|Win32
		{29B80E7C-804C-4C4A-A31D-44BCC9A95378}.Release|Win32.ActiveCfg = Release|Win32
		{29B80E7C-804C-4C4A-A31D-44BCC9A95378}.Release|Win32.Build.0 = Release|Win32
		{126877C2-792D-48AA-8E5A-C9757ED4DC22}.Debug|Win32.ActiveCfg = Debug|Win32
		{126877C2-792D-48AA-8E5A-C9757ED4DC22}.Debug|Win32.Build.0 = Debug|Win32
		{126877C2-792D-48AA-8E5A-C9757ED4DC22}.Release|Win32.ActiveCfg = Release|Win32
		{126877C2-792D-48AA-8E5A-C9757ED4DC22}.Release|Win32.Build.0 = Release|Win32
		{5F51DE6C-5A30-418B-AD05-4FE71515488F}.Debug|Win32.ActiveCfg = Debug|Win32
		{5F51DE6C-5A30-418B-AD05-4FE71515488F}.Debug|Win32.Build.0 = Debug|Win32
		{5F51DE6C-5A30-418B-AD05-4FE71515488F}.Release|Win32.ActiveCfg = Release|Win32
		{5F51DE6C-5A30-418B-AD05-4FE71515488F}.Release|Win32.Build.0 = Release|Win32
		{E7EC09FF-95A7-412A-B1F4-47043F71B207}.Debug|Win32.ActiveCfg = Debug|Win32
		{E7EC09FF-95A7-412A-B1F4-47043F71B207}.Debug|Win32.Build.0 = Debug|Win32
		{E7EC09FF-95A7-412A-B1F4-47043F71B207}.Release|Win32.ActiveCfg = Release|Win32
		{E7EC09FF-95A7-412A-B1F4-47043F71B207}.Release|Win32.Build.0 = Release|Win32
		{FD348C9B-0B9E-49B1-AF96-F236A697FBF5}.Debug|Win32.ActiveCfg = Debug|Win32
		{FD348C9B-0B9E-49B1-AF96-F236A697FBF5}.Debug|Win32.Build.0 = Debug|Win32
		{FD348C9B-0B9E-49B1-AF96-F236A697FBF5}.Release|Win32.ActiveCfg = Release|Win32
		{FD348C9B-0B9E-49B1-AF96-F236A697FBF5}.Release|Win32.Build.0 = Release|Win32
		{7F6D7386-4C6D-42EF-AA49-DDA974CFE9FC}.Debug|Win32.ActiveCfg = Debug|Win32
		{7F6D7386-4C6D-42EF-AA49-DDA974CFE9FC}.Debug|Win32.Build.0 = Debug|Win32
		{7F6D7386-4C6D-42EF-AA49-DDA974CFE9FC}.Release|Win32.ActiveCfg = Release|Win32
		{7F6D7386-4C6D-42EF-AA49-DDA974CFE9FC}.Release|Win32.Build.0 = Release|Win32
		{0135FDEC-AA37-4A49-BA40-2F263CE67E60}.Debug|Win32.ActiveCfg = Debug|Win32
		{0135FDEC-AA37-4A49-BA40-2F263CE67E60}.Debug|Win32.Build.0 = Debug|Win32
		{0135FDEC-AA37-4A49-BA40-2F263CE67E60}.Release|Win32.ActiveCfg = Release|Win32
		{0135FDEC-AA37-4A49-BA40-2F263CE67E60}.Release|Win32.Build.0 = Release|Win32
		{C69D3A27-D98E-4282-B147-089C0967BCD9}.Debug|Win32.ActiveCfg = Debug|Win32
		{C69D3A27-D98E-4282-B147-089C0967BCD9}.Debug|Win32.Build.0 = Debug|Win32
		{C69D3A27-D98E-4282-B147-089C0967BCD9}.Release|Win32.ActiveCfg = Release|Win32
		{C69D3A27-D98E-4282-B147-089C0967BCD9}.Release|Win32.Build.0 = Release|Win32
		{929FAA95-8F99-439A-9CE1-244E9D63FE28}.Debug|Win32.ActiveCfg = Debug|Win32
		{929FAA95-8F99-439A-9CE1-244E9D63FE28}.Debug|Win32.Build.0 = Debug|Win32
		{929FAA95-8F99-439A-9CE1-244E9D63FE28}.Release|Win32.ActiveCfg = Release|Win32
		{929FAA95-8F99-439A-9CE1-244E9D63FE28}.Release|Win32.Build.0 = Release|Win32
		{60E9102E-66D0-480D-BF27-A1670C56F266}.Debug|Win32.ActiveCfg = Debug|Win32
		{60E9102E-66D0-480D-BF27-A1670C56F266}.Debug|Win32.Build.0 = Debug|Win32
		{60E9102E-66D0-480D-BF27-A1670C56F266}.Release|Win32.ActiveCfg = Release|Win32
		{60E9102E-66D0-480D-BF27-A1670C56F266}.Release|Win32.Build.0 = Release|Win32
		{1C6C902A-CF2A-49F4-A070-512BD7D221A3}.Debug|Win32.ActiveCfg = Debug|Win32
		{1C6C902A-CF2A-49F4-A070-512BD7D221A3}.Debug|Win32.Build.0 = Debug|Win32
		{1C6C902A-CF2A-49F4-A070-512BD7D221A3}.Release|Win32.ActiveCfg = Release|Win32
		{1C6C902A-CF2A-49F4-A070-512BD7D221A3}.Release|Win32.Build.0 = Release|Win32
		{E76AF002-279E-4042-8C7E-B21F5E029617}.Debug|Win32.ActiveCfg = Debug|Win32
		{E76AF002-279E-4042-8C7E-B21F5E029617}.Debug|Win32.Build.0 = Debug|Win32
		{E76AF002-279E-4042-8C7E-B21F5E029617}.Release|Win32.ActiveCfg = Release|Win32
		{E76AF002-279E-4042-8C7E-B21F5E029617}.Release|Win32.Build.0 = Release|Win32
		{7EB11F82-A3A0-4A14-AC2E-6E3FB92AB97C}.Debug|Win32.ActiveCfg = Debug|Win32
		{7EB11F82-A3A0-4A14-AC2E-6E3FB92AB97C}.Debug|Win32.Build.0 = Debug|Win32
		{7EB11F82-A3A0-4A14-AC2E-6E3FB92AB97C}.Release|Win32.ActiveCfg = Release|Win32
		{7EB11F82-A3A0-4A14-AC2E-6E3FB92AB97C}.Release|Win32.Build.0 = Release|Win32
		{A6B9537B-F420-4D32-8F31-78155C9845AE}.Debug|Win32.ActiveCfg = Debug|Win32
		{A6B9537B-F420-4D32-8F31-78155C9845AE}.Debug|Win32.Build.0 = Debug|Win32
		{A6B9537B-F420-4D32-8F31-78155C9845AE}.Release|Win32.ActiveCfg = Release|Win32
		{A6B9537B-F420-4D32-8F31-78155C9845AE}.Release|Win32.Build.0 = Release|Win32
		{E4259BC5-49FD-44E5-8493-1B96B5AE7ABD}.Debug|Win32.ActiveCfg = Debug|Win32
		{E4259BC5-49FD-44E5-8493-1B96B5AE7ABD}.Debug|Win32.Build.0 = Debug|Win32
		{E4259BC5-49FD-44E5-8493-1B96B5AE7ABD}.Release|Win32.ActiveCfg = Release|Win32
		{E4259BC5-49FD-44E5-8493-1B96B5AE7ABD}.Release|Win32.Build.0 = Release|Win32
		{C8B51962-AFFB-441D-AB71-43872123D83B}.Debug|Win32.ActiveCfg = Debug|Win32
		{C8B51962-AFFB-441D-AB71-43872123D83B}.Debug|Win32.Build.0 = Debug|Win32
		{C8B51962-AFFB-441D-AB71-43872123D83B}.Release|Win32.ActiveCfg = Release|Win32
		{C8B51962-AFFB-441D-AB71-43872123D83B}.Release|Win32.Build.0 = Release|Win32
		{BD251CBF-F7CE-4C3E-96A2-C9AD735375D9}.Debug|Win32.ActiveCfg = Debug|Win32
		{BD251CBF-F7CE-4C3E-96A2-C9AD735375D9}.Debug|Win32.Build.0 = Debug|Win32
		{BD251CBF-F7CE-4C3E-96A2-C9AD735375D9}.Release|Win32.ActiveCfg = Release|Win32
		{BD251CBF-F7CE-4C3E-96A2-C9AD735375D9}.Release|Win32.Build.0 = Release|Win32
	EndGlobalSection
	GlobalSection(SolutionProperties) = preSolution
		HideSolutionNode = FALSE
	EndGlobalSection
EndGlobal
