
Microsoft Visual Studio Solution File, Format Version 10.00
# Visual Studio 2008
Project("{8BC9CEB8-8B4A-11D0-8D11-00A0C91BC942}") = "core", "core.vcproj", "{7B307C2E-F663-449C-BC87-A69E1E267D0D}"
EndProject
Project("{8BC9CEB8-8B4A-11D0-8D11-00A0C91BC942}") = "utils", "utils.vcproj", "{1661EC8A-0BC3-492A-A3BB-71557CF5E3D3}"
EndProject
Project("{8BC9CEB8-8B4A-11D0-8D11-00A0C91BC942}") = "misc", "misc.vcproj", "{1FA8F0EE-76AC-483C-898F-8257039FC262}"
	ProjectSection(ProjectDependencies) = postProject
		{7B307C2E-F663-449C-BC87-A69E1E267D0D} = {7B307C2E-F663-449C-BC87-A69E1E267D0D}
		{1661EC8A-0BC3-492A-A3BB-71557CF5E3D3} = {1661EC8A-0BC3-492A-A3BB-71557CF5E3D3}
	EndProjectSection
EndProject
Project("{8BC9CEB8-8B4A-11D0-8D11-00A0C91BC942}") = "JoHost", "JoHost.vcproj", "{6B1DCE51-39F0-497D-A1B8-13C25898D031}"
	ProjectSection(ProjectDependencies) = postProject
		{7B307C2E-F663-449C-BC87-A69E1E267D0D} = {7B307C2E-F663-449C-BC87-A69E1E267D0D}
		{1661EC8A-0BC3-492A-A3BB-71557CF5E3D3} = {1661EC8A-0BC3-492A-A3BB-71557CF5E3D3}
		{1FA8F0EE-76AC-483C-898F-8257039FC262} = {1FA8F0EE-76AC-483C-898F-8257039FC262}
	EndProjectSection
EndProject
Project("{8BC9CEB8-8B4A-11D0-8D11-00A0C91BC942}") = "JosStream", "JosStream.vcproj", "{03356C3A-848B-4FAE-9801-2044ECC32FE7}"
	ProjectSection(ProjectDependencies) = postProject
		{7B307C2E-F663-449C-BC87-A69E1E267D0D} = {7B307C2E-F663-449C-BC87-A69E1E267D0D}
		{1FA8F0EE-76AC-483C-898F-8257039FC262} = {1FA8F0EE-76AC-483C-898F-8257039FC262}
	EndProjectSection
EndProject
Project("{8BC9CEB8-8B4A-11D0-8D11-00A0C91BC942}") = "HikHost", "HikHost.vcproj", "{0135FDEC-AA37-4A49-BA40-2F263CE67E60}"
	ProjectSection(ProjectDependencies) = postProject
		{7B307C2E-F663-449C-BC87-A69E1E267D0D} = {7B307C2E-F663-449C-BC87-A69E1E267D0D}
		{1661EC8A-0BC3-492A-A3BB-71557CF5E3D3} = {1661EC8A-0BC3-492A-A3BB-71557CF5E3D3}
		{1FA8F0EE-76AC-483C-898F-8257039FC262} = {1FA8F0EE-76AC-483C-898F-8257039FC262}
	EndProjectSection
EndProject
Project("{8BC9CEB8-8B4A-11D0-8D11-00A0C91BC942}") = "PlayManager", "PlayManager.vcproj", "{7EB11F82-A3A0-4A14-AC2E-6E3FB92AB97C}"
	ProjectSection(ProjectDependencies) = postProject
		{7B307C2E-F663-449C-BC87-A69E1E267D0D} = {7B307C2E-F663-449C-BC87-A69E1E267D0D}
		{1FA8F0EE-76AC-483C-898F-8257039FC262} = {1FA8F0EE-76AC-483C-898F-8257039FC262}
	EndProjectSection
EndProject
Project("{8BC9CEB8-8B4A-11D0-8D11-00A0C91BC942}") = "JoPlayer", "JoPlayer.vcproj", "{A6B9537B-F420-4D32-8F31-78155C9845AE}"
	ProjectSection(ProjectDependencies) = postProject
		{7B307C2E-F663-449C-BC87-A69E1E267D0D} = {7B307C2E-F663-449C-BC87-A69E1E267D0D}
		{1FA8F0EE-76AC-483C-898F-8257039FC262} = {1FA8F0EE-76AC-483C-898F-8257039FC262}
	EndProjectSection
EndProject
Project("{8BC9CEB8-8B4A-11D0-8D11-00A0C91BC942}") = "H264Decoder", "H264Decoder.vcproj", "{E4259BC5-49FD-44E5-8493-1B96B5AE7ABD}"
	ProjectSection(ProjectDependencies) = postProject
		{7B307C2E-F663-449C-BC87-A69E1E267D0D} = {7B307C2E-F663-449C-BC87-A69E1E267D0D}
		{1FA8F0EE-76AC-483C-898F-8257039FC262} = {1FA8F0EE-76AC-483C-898F-8257039FC262}
	EndProjectSection
EndProject
Project("{8BC9CEB8-8B4A-11D0-8D11-00A0C91BC942}") = "JoRender", "JoRender.vcproj", "{C8B51962-AFFB-441D-AB71-43872123D83B}"
	ProjectSection(ProjectDependencies) = postProject
		{7B307C2E-F663-449C-BC87-A69E1E267D0D} = {7B307C2E-F663-449C-BC87-A69E1E267D0D}
		{1661EC8A-0BC3-492A-A3BB-71557CF5E3D3} = {1661EC8A-0BC3-492A-A3BB-71557CF5E3D3}
		{1FA8F0EE-76AC-483C-898F-8257039FC262} = {1FA8F0EE-76AC-483C-898F-8257039FC262}
	EndProjectSection
EndProject
Project("{8BC9CEB8-8B4A-11D0-8D11-00A0C91BC942}") = "PlayerDemo", "PlayerDemo.vcproj", "{F5DEF6DC-488D-40B0-99FA-CD547A1917C4}"
	ProjectSection(ProjectDependencies) = postProject
		{7B307C2E-F663-449C-BC87-A69E1E267D0D} = {7B307C2E-F663-449C-BC87-A69E1E267D0D}
		{7EB11F82-A3A0-4A14-AC2E-6E3FB92AB97C} = {7EB11F82-A3A0-4A14-AC2E-6E3FB92AB97C}
		{1661EC8A-0BC3-492A-A3BB-71557CF5E3D3} = {1661EC8A-0BC3-492A-A3BB-71557CF5E3D3}
		{1FA8F0EE-76AC-483C-898F-8257039FC262} = {1FA8F0EE-76AC-483C-898F-8257039FC262}
	EndProjectSection
EndProject
Project("{8BC9CEB8-8B4A-11D0-8D11-00A0C91BC942}") = "JorReader", "JorReader.vcproj", "{23926CE6-6060-4DFC-994D-B8C1BBBD62A4}"
	ProjectSection(ProjectDependencies) = postProject
		{7B307C2E-F663-449C-BC87-A69E1E267D0D} = {7B307C2E-F663-449C-BC87-A69E1E267D0D}
		{1661EC8A-0BC3-492A-A3BB-71557CF5E3D3} = {1661EC8A-0BC3-492A-A3BB-71557CF5E3D3}
		{1FA8F0EE-76AC-483C-898F-8257039FC262} = {1FA8F0EE-76AC-483C-898F-8257039FC262}
	EndProjectSection
EndProject
Global
	GlobalSection(SolutionConfigurationPlatforms) = preSolution
		Debug|Win32 = Debug|Win32
		Release|Win32 = Release|Win32
	EndGlobalSection
	GlobalSection(ProjectConfigurationPlatforms) = postSolution
		{7B307C2E-F663-449C-BC87-A69E1E267D0D}.Debug|Win32.ActiveCfg = Debug|Win32
		{7B307C2E-F663-449C-BC87-A69E1E267D0D}.Debug|Win32.Build.0 = Debug|Win32
		{7B307C2E-F663-449C-BC87-A69E1E267D0D}.Release|Win32.ActiveCfg = Release|Win32
		{7B307C2E-F663-449C-BC87-A69E1E267D0D}.Release|Win32.Build.0 = Release|Win32
		{1661EC8A-0BC3-492A-A3BB-71557CF5E3D3}.Debug|Win32.ActiveCfg = Debug|Win32
		{1661EC8A-0BC3-492A-A3BB-71557CF5E3D3}.Debug|Win32.Build.0 = Debug|Win32
		{1661EC8A-0BC3-492A-A3BB-71557CF5E3D3}.Release|Win32.ActiveCfg = Release|Win32
		{1661EC8A-0BC3-492A-A3BB-71557CF5E3D3}.Release|Win32.Build.0 = Release|Win32
		{1FA8F0EE-76AC-483C-898F-8257039FC262}.Debug|Win32.ActiveCfg = Debug|Win32
		{1FA8F0EE-76AC-483C-898F-8257039FC262}.Debug|Win32.Build.0 = Debug|Win32
		{1FA8F0EE-76AC-483C-898F-8257039FC262}.Release|Win32.ActiveCfg = Release|Win32
		{1FA8F0EE-76AC-483C-898F-8257039FC262}.Release|Win32.Build.0 = Release|Win32
		{6B1DCE51-39F0-497D-A1B8-13C25898D031}.Debug|Win32.ActiveCfg = Debug|Win32
		{6B1DCE51-39F0-497D-A1B8-13C25898D031}.Debug|Win32.Build.0 = Debug|Win32
		{6B1DCE51-39F0-497D-A1B8-13C25898D031}.Release|Win32.ActiveCfg = Release|Win32
		{6B1DCE51-39F0-497D-A1B8-13C25898D031}.Release|Win32.Build.0 = Release|Win32
		{03356C3A-848B-4FAE-9801-2044ECC32FE7}.Debug|Win32.ActiveCfg = Debug|Win32
		{03356C3A-848B-4FAE-9801-2044ECC32FE7}.Debug|Win32.Build.0 = Debug|Win32
		{03356C3A-848B-4FAE-9801-2044ECC32FE7}.Release|Win32.ActiveCfg = Release|Win32
		{03356C3A-848B-4FAE-9801-2044ECC32FE7}.Release|Win32.Build.0 = Release|Win32
		{0135FDEC-AA37-4A49-BA40-2F263CE67E60}.Debug|Win32.ActiveCfg = Debug|Win32
		{0135FDEC-AA37-4A49-BA40-2F263CE67E60}.Debug|Win32.Build.0 = Debug|Win32
		{0135FDEC-AA37-4A49-BA40-2F263CE67E60}.Release|Win32.ActiveCfg = Release|Win32
		{0135FDEC-AA37-4A49-BA40-2F263CE67E60}.Release|Win32.Build.0 = Release|Win32
		{7EB11F82-A3A0-4A14-AC2E-6E3FB92AB97C}.Debug|Win32.ActiveCfg = Debug|Win32
		{7EB11F82-A3A0-4A14-AC2E-6E3FB92AB97C}.Debug|Win32.Build.0 = Debug|Win32
		{7EB11F82-A3A0-4A14-AC2E-6E3FB92AB97C}.Release|Win32.ActiveCfg = Release|Win32
		{7EB11F82-A3A0-4A14-AC2E-6E3FB92AB97C}.Release|Win32.Build.0 = Release|Win32
		{A6B9537B-F420-4D32-8F31-78155C9845AE}.Debug|Win32.ActiveCfg = Debug|Win32
		{A6B9537B-F420-4D32-8F31-78155C9845AE}.Debug|Win32.Build.0 = Debug|Win32
		{A6B9537B-F420-4D32-8F31-78155C9845AE}.Release|Win32.ActiveCfg = Release|Win32
		{A6B9537B-F420-4D32-8F31-78155C9845AE}.Release|Win32.Build.0 = Release|Win32
		{E4259BC5-49FD-44E5-8493-1B96B5AE7ABD}.Debug|Win32.ActiveCfg = Debug|Win32
		{E4259BC5-49FD-44E5-8493-1B96B5AE7ABD}.Debug|Win32.Build.0 = Debug|Win32
		{E4259BC5-49FD-44E5-8493-1B96B5AE7ABD}.Release|Win32.ActiveCfg = Release|Win32
		{E4259BC5-49FD-44E5-8493-1B96B5AE7ABD}.Release|Win32.Build.0 = Release|Win32
		{C8B51962-AFFB-441D-AB71-43872123D83B}.Debug|Win32.ActiveCfg = Debug|Win32
		{C8B51962-AFFB-441D-AB71-43872123D83B}.Debug|Win32.Build.0 = Debug|Win32
		{C8B51962-AFFB-441D-AB71-43872123D83B}.Release|Win32.ActiveCfg = Release|Win32
		{C8B51962-AFFB-441D-AB71-43872123D83B}.Release|Win32.Build.0 = Release|Win32
		{F5DEF6DC-488D-40B0-99FA-CD547A1917C4}.Debug|Win32.ActiveCfg = Debug|Win32
		{F5DEF6DC-488D-40B0-99FA-CD547A1917C4}.Debug|Win32.Build.0 = Debug|Win32
		{F5DEF6DC-488D-40B0-99FA-CD547A1917C4}.Release|Win32.ActiveCfg = Release|Win32
		{F5DEF6DC-488D-40B0-99FA-CD547A1917C4}.Release|Win32.Build.0 = Release|Win32
		{23926CE6-6060-4DFC-994D-B8C1BBBD62A4}.Debug|Win32.ActiveCfg = Debug|Win32
		{23926CE6-6060-4DFC-994D-B8C1BBBD62A4}.Debug|Win32.Build.0 = Debug|Win32
		{23926CE6-6060-4DFC-994D-B8C1BBBD62A4}.Release|Win32.ActiveCfg = Release|Win32
		{23926CE6-6060-4DFC-994D-B8C1BBBD62A4}.Release|Win32.Build.0 = Release|Win32
	EndGlobalSection
	GlobalSection(SolutionProperties) = preSolution
		HideSolutionNode = FALSE
	EndGlobalSection
EndGlobal
